{
  "name": "ccr-config",
  "version": "1.0.0",
  "lockfileVersion": 3,
  "requires": true,
  "packages": {
    "": {
      "name": "ccr-config",
      "version": "1.0.0",
      "license": "ISC",
      "dependencies": {
        "@musistudio/claude-code-router": "^2.0.0"
      }
    },
    "node_modules/@musistudio/claude-code-router": {
      "version": "2.0.0",
      "resolved": "https://registry.npmmirror.com/@musistudio/claude-code-router/-/claude-code-router-2.0.0.tgz",
      "integrity": "sha512-41CRIOgBtYAxY4+xBn+plXv87ghuv0kVcdTUOFcVdf2cwQMY8u+g6DJ9hX9JiSdlX3xVFpW2UFlx7xRUTx5I5g==",
      "license": "MIT",
      "bin": {
        "ccr": "dist/cli.js"
      },
      "engines": {
        "node": ">=20.0.0",
        "pnpm": ">=8.0.0"
      }
    }
  }
}
